
Microsoft Visual Studio Solution File, Format Version 12.00
# Visual Studio Version 17
VisualStudioVersion = 17.3.32825.248
MinimumVisualStudioVersion = 10.0.40219.1
Project("{FAE04EC0-301F-11D3-BF4B-00C04F79EFBC}") = "nyaralas", "nyaralas.csproj", "{B1132C68-700D-41C7-8EF5-802EB3DE7563}"
EndProject
Global
	GlobalSection(SolutionConfigurationPlatforms) = preSolution
		Debug|Any CPU = Debug|Any CPU
		Release|Any CPU = Release|Any CPU
	EndGlobalSection
	GlobalSection(ProjectConfigurationPlatforms) = postSolution
		{B1132C68-700D-41C7-8EF5-802EB3DE7563}.Debug|Any CPU.ActiveCfg = Debug|Any CPU
		{B1132C68-700D-41C7-8EF5-802EB3DE7563}.Debug|Any CPU.Build.0 = Debug|Any CPU
		{B1132C68-700D-41C7-8EF5-802EB3DE7563}.Release|Any CPU.ActiveCfg = Release|Any CPU
		{B1132C68-700D-41C7-8EF5-802EB3DE7563}.Release|Any CPU.Build.0 = Release|Any CPU
	EndGlobalSection
	GlobalSection(SolutionProperties) = preSolution
		HideSolutionNode = FALSE
	EndGlobalSection
	GlobalSection(ExtensibilityGlobals) = postSolution
		SolutionGuid = {B1E51D9B-6EF2-4437-8FCE-C58A31697C3C}
	EndGlobalSection
EndGlobal
