
Microsoft Visual Studio Solution File, Format Version 12.00
# Visual Studio Version 17
VisualStudioVersion = 17.3.32825.248
MinimumVisualStudioVersion = 10.0.40219.1
Project("{FAE04EC0-301F-11D3-BF4B-00C04F79EFBC}") = "tabor", "tabor.csproj", "{69E8543A-3822-46FF-A0E8-136083C7657B}"
EndProject
Global
	GlobalSection(SolutionConfigurationPlatforms) = preSolution
		Debug|Any CPU = Debug|Any CPU
		Release|Any CPU = Release|Any CPU
	EndGlobalSection
	GlobalSection(ProjectConfigurationPlatforms) = postSolution
		{69E8543A-3822-46FF-A0E8-136083C7657B}.Debug|Any CPU.ActiveCfg = Debug|Any CPU
		{69E8543A-3822-46FF-A0E8-136083C7657B}.Debug|Any CPU.Build.0 = Debug|Any CPU
		{69E8543A-3822-46FF-A0E8-136083C7657B}.Release|Any CPU.ActiveCfg = Release|Any CPU
		{69E8543A-3822-46FF-A0E8-136083C7657B}.Release|Any CPU.Build.0 = Release|Any CPU
	EndGlobalSection
	GlobalSection(SolutionProperties) = preSolution
		HideSolutionNode = FALSE
	EndGlobalSection
	GlobalSection(ExtensibilityGlobals) = postSolution
		SolutionGuid = {A13357F8-EA99-4AC5-B9F4-C704B81381DB}
	EndGlobalSection
EndGlobal
