
Microsoft Visual Studio Solution File, Format Version 12.00
# Visual Studio Version 17
VisualStudioVersion = 17.3.32825.248
MinimumVisualStudioVersion = 10.0.40219.1
Project("{FAE04EC0-301F-11D3-BF4B-00C04F79EFBC}") = "papirgyujtes", "papirgyujtes.csproj", "{05F037DF-008A-4A01-85D1-84EB109ED0BC}"
EndProject
Global
	GlobalSection(SolutionConfigurationPlatforms) = preSolution
		Debug|Any CPU = Debug|Any CPU
		Release|Any CPU = Release|Any CPU
	EndGlobalSection
	GlobalSection(ProjectConfigurationPlatforms) = postSolution
		{05F037DF-008A-4A01-85D1-84EB109ED0BC}.Debug|Any CPU.ActiveCfg = Debug|Any CPU
		{05F037DF-008A-4A01-85D1-84EB109ED0BC}.Debug|Any CPU.Build.0 = Debug|Any CPU
		{05F037DF-008A-4A01-85D1-84EB109ED0BC}.Release|Any CPU.ActiveCfg = Release|Any CPU
		{05F037DF-008A-4A01-85D1-84EB109ED0BC}.Release|Any CPU.Build.0 = Release|Any CPU
	EndGlobalSection
	GlobalSection(SolutionProperties) = preSolution
		HideSolutionNode = FALSE
	EndGlobalSection
	GlobalSection(ExtensibilityGlobals) = postSolution
		SolutionGuid = {267CC116-9A31-42BD-A6BD-3F502A432278}
	EndGlobalSection
EndGlobal
